{
  "requires": true,
  "lockfileVersion": 1,
  "dependencies": {
    "primeflex": {
      "version": "2.0.0-rc.1",
      "resolved": "https://registry.npmjs.org/primeflex/-/primeflex-2.0.0-rc.1.tgz",
      "integrity": "sha512-NX7n6gLOo8peGhiqgW3ZbeEbN5mjzoFeHrhXL/UBMsQN4ZRHNjYCl4dlSlPmJ/wUO89PcnlT25eW3PnLcxjpcg=="
    }
  }
}
